
Microsoft Visual Studio Solution File, Format Version 12.00
# Visual Studio Version 16
VisualStudioVersion = 16.0.31424.327
MinimumVisualStudioVersion = 10.0.40219.1
Project("{FAE04EC0-301F-11D3-BF4B-00C04F79EFBC}") = "tutorialCSharp", "tutorialCSharp\tutorialCSharp.csproj", "{C0EC6391-CB0A-4C21-B40D-337E532EC8A8}"
EndProject
Global
	GlobalSection(SolutionConfigurationPlatforms) = preSolution
		Debug|Any CPU = Debug|Any CPU
		Release|Any CPU = Release|Any CPU
	EndGlobalSection
	GlobalSection(ProjectConfigurationPlatforms) = postSolution
		{C0EC6391-CB0A-4C21-B40D-337E532EC8A8}.Debug|Any CPU.ActiveCfg = Debug|Any CPU
		{C0EC6391-CB0A-4C21-B40D-337E532EC8A8}.Debug|Any CPU.Build.0 = Debug|Any CPU
		{C0EC6391-CB0A-4C21-B40D-337E532EC8A8}.Release|Any CPU.ActiveCfg = Release|Any CPU
		{C0EC6391-CB0A-4C21-B40D-337E532EC8A8}.Release|Any CPU.Build.0 = Release|Any CPU
	EndGlobalSection
	GlobalSection(SolutionProperties) = preSolution
		HideSolutionNode = FALSE
	EndGlobalSection
	GlobalSection(ExtensibilityGlobals) = postSolution
		SolutionGuid = {D11E9A0E-AD75-401B-BC38-9268316A18CF}
	EndGlobalSection
EndGlobal
